
Microsoft Visual Studio Solution File, Format Version 12.00
# Visual Studio Version 16
VisualStudioVersion = 16.0.31321.278
MinimumVisualStudioVersion = 10.0.40219.1
Project("{FAE04EC0-301F-11D3-BF4B-00C04F79EFBC}") = "MKR_oop_1", "MKR_oop_1\MKR_oop_1.csproj", "{FB0BC9B6-F817-4E50-856E-9748ABD4442F}"
EndProject
Global
	GlobalSection(SolutionConfigurationPlatforms) = preSolution
		Debug|Any CPU = Debug|Any CPU
		Release|Any CPU = Release|Any CPU
	EndGlobalSection
	GlobalSection(ProjectConfigurationPlatforms) = postSolution
		{FB0BC9B6-F817-4E50-856E-9748ABD4442F}.Debug|Any CPU.ActiveCfg = Debug|Any CPU
		{FB0BC9B6-F817-4E50-856E-9748ABD4442F}.Debug|Any CPU.Build.0 = Debug|Any CPU
		{FB0BC9B6-F817-4E50-856E-9748ABD4442F}.Release|Any CPU.ActiveCfg = Release|Any CPU
		{FB0BC9B6-F817-4E50-856E-9748ABD4442F}.Release|Any CPU.Build.0 = Release|Any CPU
	EndGlobalSection
	GlobalSection(SolutionProperties) = preSolution
		HideSolutionNode = FALSE
	EndGlobalSection
	GlobalSection(ExtensibilityGlobals) = postSolution
		SolutionGuid = {5010279B-A5A9-4D84-B5C9-FA6ACC84DD3F}
	EndGlobalSection
EndGlobal
